
Microsoft Visual Studio Solution File, Format Version 12.00
# Visual Studio 15
VisualStudioVersion = 15.0.26124.0
MinimumVisualStudioVersion = 15.0.26124.0
Project("{FAE04EC0-301F-11D3-BF4B-00C04F79EFBC}") = "WebApi", "WebApi\WebApi.csproj", "{4ECE052A-1D20-4D15-B9AE-96B53F64EDAD}"
EndProject
Project("{FAE04EC0-301F-11D3-BF4B-00C04F79EFBC}") = "WebApi.Tests", "WebApi.Tests\WebApi.Tests.csproj", "{A07BEABA-0397-41F4-8487-C8CC8ADB1C8A}"
EndProject
Global
	GlobalSection(SolutionConfigurationPlatforms) = preSolution
		Debug|Any CPU = Debug|Any CPU
		Debug|x64 = Debug|x64
		Debug|x86 = Debug|x86
		Release|Any CPU = Release|Any CPU
		Release|x64 = Release|x64
		Release|x86 = Release|x86
	EndGlobalSection
	GlobalSection(SolutionProperties) = preSolution
		HideSolutionNode = FALSE
	EndGlobalSection
	GlobalSection(ProjectConfigurationPlatforms) = postSolution
		{4ECE052A-1D20-4D15-B9AE-96B53F64EDAD}.Debug|Any CPU.ActiveCfg = Debug|Any CPU
		{4ECE052A-1D20-4D15-B9AE-96B53F64EDAD}.Debug|Any CPU.Build.0 = Debug|Any CPU
		{4ECE052A-1D20-4D15-B9AE-96B53F64EDAD}.Debug|x64.ActiveCfg = Debug|Any CPU
		{4ECE052A-1D20-4D15-B9AE-96B53F64EDAD}.Debug|x64.Build.0 = Debug|Any CPU
		{4ECE052A-1D20-4D15-B9AE-96B53F64EDAD}.Debug|x86.ActiveCfg = Debug|Any CPU
		{4ECE052A-1D20-4D15-B9AE-96B53F64EDAD}.Debug|x86.Build.0 = Debug|Any CPU
		{4ECE052A-1D20-4D15-B9AE-96B53F64EDAD}.Release|Any CPU.ActiveCfg = Release|Any CPU
		{4ECE052A-1D20-4D15-B9AE-96B53F64EDAD}.Release|Any CPU.Build.0 = Release|Any CPU
		{4ECE052A-1D20-4D15-B9AE-96B53F64EDAD}.Release|x64.ActiveCfg = Release|Any CPU
		{4ECE052A-1D20-4D15-B9AE-96B53F64EDAD}.Release|x64.Build.0 = Release|Any CPU
		{4ECE052A-1D20-4D15-B9AE-96B53F64EDAD}.Release|x86.ActiveCfg = Release|Any CPU
		{4ECE052A-1D20-4D15-B9AE-96B53F64EDAD}.Release|x86.Build.0 = Release|Any CPU
		{A07BEABA-0397-41F4-8487-C8CC8ADB1C8A}.Debug|Any CPU.ActiveCfg = Debug|Any CPU
		{A07BEABA-0397-41F4-8487-C8CC8ADB1C8A}.Debug|Any CPU.Build.0 = Debug|Any CPU
		{A07BEABA-0397-41F4-8487-C8CC8ADB1C8A}.Debug|x64.ActiveCfg = Debug|Any CPU
		{A07BEABA-0397-41F4-8487-C8CC8ADB1C8A}.Debug|x64.Build.0 = Debug|Any CPU
		{A07BEABA-0397-41F4-8487-C8CC8ADB1C8A}.Debug|x86.ActiveCfg = Debug|Any CPU
		{A07BEABA-0397-41F4-8487-C8CC8ADB1C8A}.Debug|x86.Build.0 = Debug|Any CPU
		{A07BEABA-0397-41F4-8487-C8CC8ADB1C8A}.Release|Any CPU.ActiveCfg = Release|Any CPU
		{A07BEABA-0397-41F4-8487-C8CC8ADB1C8A}.Release|Any CPU.Build.0 = Release|Any CPU
		{A07BEABA-0397-41F4-8487-C8CC8ADB1C8A}.Release|x64.ActiveCfg = Release|Any CPU
		{A07BEABA-0397-41F4-8487-C8CC8ADB1C8A}.Release|x64.Build.0 = Release|Any CPU
		{A07BEABA-0397-41F4-8487-C8CC8ADB1C8A}.Release|x86.ActiveCfg = Release|Any CPU
		{A07BEABA-0397-41F4-8487-C8CC8ADB1C8A}.Release|x86.Build.0 = Release|Any CPU
	EndGlobalSection
EndGlobal
